// !$*UTF8*$!
{
	archiveVersion = 1;
	classes = {
	};
	objectVersion = 51;
	objects = {

/* Begin PBXBuildFile section */
		060F711A25D56F7B00D95C2E /* ChooseCityVC.swift in Sources */ = {isa = PBXBuildFile; fileRef = 060F711925D56F7B00D95C2E /* ChooseCityVC.swift */; };
		060F711D25D57D4A00D95C2E /* Helper.swift in Sources */ = {isa = PBXBuildFile; fileRef = 060F711C25D57D4A00D95C2E /* Helper.swift */; };
		06155D8625FD16C30076ED1A /* SJCenterFlowLayout.swift in Sources */ = {isa = PBXBuildFile; fileRef = 06155D8525FD16C30076ED1A /* SJCenterFlowLayout.swift */; };
		062A61B825CDB48300486074 /* view.swift in Sources */ = {isa = PBXBuildFile; fileRef = 062A61AF25CDB48300486074 /* view.swift */; };
		062A61B925CDB48300486074 /* UISearchBar.swift in Sources */ = {isa = PBXBuildFile; fileRef = 062A61B025CDB48300486074 /* UISearchBar.swift */; };
		062A61BA25CDB48300486074 /* Encodable.swift in Sources */ = {isa = PBXBuildFile; fileRef = 062A61B125CDB48300486074 /* Encodable.swift */; };
		062A61BB25CDB48300486074 /* UITextField.swift in Sources */ = {isa = PBXBuildFile; fileRef = 062A61B225CDB48300486074 /* UITextField.swift */; };
		062A61BC25CDB48300486074 /* String.swift in Sources */ = {isa = PBXBuildFile; fileRef = 062A61B325CDB48300486074 /* String.swift */; };
		062A61BD25CDB48300486074 /* UIButton.swift in Sources */ = {isa = PBXBuildFile; fileRef = 062A61B425CDB48300486074 /* UIButton.swift */; };
		062A61BE25CDB48300486074 /* UIImageView.swift in Sources */ = {isa = PBXBuildFile; fileRef = 062A61B525CDB48300486074 /* UIImageView.swift */; };
		062A61BF25CDB48300486074 /* UILabel.swift in Sources */ = {isa = PBXBuildFile; fileRef = 062A61B625CDB48300486074 /* UILabel.swift */; };
		062A61C025CDB48300486074 /* TriangleView.swift in Sources */ = {isa = PBXBuildFile; fileRef = 062A61B725CDB48300486074 /* TriangleView.swift */; };
		064B845B25F57155007891EF /* BannersCollectionViewCell.xib in Resources */ = {isa = PBXBuildFile; fileRef = 064B845925F57155007891EF /* BannersCollectionViewCell.xib */; };
		064B845C25F57155007891EF /* BannersCollectionViewCell.swift in Sources */ = {isa = PBXBuildFile; fileRef = 064B845A25F57155007891EF /* BannersCollectionViewCell.swift */; };
		0653C82B25CD7E9600DE92B2 /* AppDelegate.swift in Sources */ = {isa = PBXBuildFile; fileRef = 0653C82A25CD7E9600DE92B2 /* AppDelegate.swift */; };
		0653C82D25CD7E9600DE92B2 /* SceneDelegate.swift in Sources */ = {isa = PBXBuildFile; fileRef = 0653C82C25CD7E9600DE92B2 /* SceneDelegate.swift */; };
		0653C83225CD7E9600DE92B2 /* Main.storyboard in Resources */ = {isa = PBXBuildFile; fileRef = 0653C83025CD7E9600DE92B2 /* Main.storyboard */; };
		0653C83425CD7E9800DE92B2 /* Assets.xcassets in Resources */ = {isa = PBXBuildFile; fileRef = 0653C83325CD7E9800DE92B2 /* Assets.xcassets */; };
		0653C83725CD7E9800DE92B2 /* LaunchScreen.storyboard in Resources */ = {isa = PBXBuildFile; fileRef = 0653C83525CD7E9800DE92B2 /* LaunchScreen.storyboard */; };
		0653C85125CD837400DE92B2 /* HomeVC.swift in Sources */ = {isa = PBXBuildFile; fileRef = 0653C85025CD837400DE92B2 /* HomeVC.swift */; };
		0653C85625CD893700DE92B2 /* HomeTableViewCell.swift in Sources */ = {isa = PBXBuildFile; fileRef = 0653C85425CD893700DE92B2 /* HomeTableViewCell.swift */; };
		0653C85725CD893700DE92B2 /* HomeTableViewCell.xib in Resources */ = {isa = PBXBuildFile; fileRef = 0653C85525CD893700DE92B2 /* HomeTableViewCell.xib */; };
		0653C85A25CD8DF800DE92B2 /* HomeItemModel.swift in Sources */ = {isa = PBXBuildFile; fileRef = 0653C85925CD8DF800DE92B2 /* HomeItemModel.swift */; };
		0653C85F25CD9D7B00DE92B2 /* AdsCollectionViewCell.swift in Sources */ = {isa = PBXBuildFile; fileRef = 0653C85D25CD9D7B00DE92B2 /* AdsCollectionViewCell.swift */; };
		0653C86025CD9D7B00DE92B2 /* AdsCollectionViewCell.xib in Resources */ = {isa = PBXBuildFile; fileRef = 0653C85E25CD9D7B00DE92B2 /* AdsCollectionViewCell.xib */; };
		065693FB25CDB87400A65FD4 /* CategoriesCollectionViewCell.swift in Sources */ = {isa = PBXBuildFile; fileRef = 065693F925CDB87400A65FD4 /* CategoriesCollectionViewCell.swift */; };
		065693FC25CDB87400A65FD4 /* CategoriesCollectionViewCell.xib in Resources */ = {isa = PBXBuildFile; fileRef = 065693FA25CDB87400A65FD4 /* CategoriesCollectionViewCell.xib */; };
		0656941125CDBD5300A65FD4 /* Montserrat-ThinItalic.ttf in Resources */ = {isa = PBXBuildFile; fileRef = 065693FF25CDBD5100A65FD4 /* Montserrat-ThinItalic.ttf */; };
		0656941225CDBD5300A65FD4 /* Montserrat-ExtraBold.ttf in Resources */ = {isa = PBXBuildFile; fileRef = 0656940025CDBD5100A65FD4 /* Montserrat-ExtraBold.ttf */; };
		0656941325CDBD5300A65FD4 /* Montserrat-Light.ttf in Resources */ = {isa = PBXBuildFile; fileRef = 0656940125CDBD5100A65FD4 /* Montserrat-Light.ttf */; };
		0656941425CDBD5300A65FD4 /* Montserrat-Black.ttf in Resources */ = {isa = PBXBuildFile; fileRef = 0656940225CDBD5100A65FD4 /* Montserrat-Black.ttf */; };
		0656941525CDBD5300A65FD4 /* Montserrat-ExtraLight.ttf in Resources */ = {isa = PBXBuildFile; fileRef = 0656940325CDBD5100A65FD4 /* Montserrat-ExtraLight.ttf */; };
		0656941625CDBD5300A65FD4 /* Montserrat-ExtraBoldItalic.ttf in Resources */ = {isa = PBXBuildFile; fileRef = 0656940425CDBD5100A65FD4 /* Montserrat-ExtraBoldItalic.ttf */; };
		0656941725CDBD5300A65FD4 /* Montserrat-Bold.ttf in Resources */ = {isa = PBXBuildFile; fileRef = 0656940525CDBD5100A65FD4 /* Montserrat-Bold.ttf */; };
		0656941825CDBD5300A65FD4 /* Montserrat-BoldItalic.ttf in Resources */ = {isa = PBXBuildFile; fileRef = 0656940625CDBD5200A65FD4 /* Montserrat-BoldItalic.ttf */; };
		0656941925CDBD5300A65FD4 /* Montserrat-MediumItalic.ttf in Resources */ = {isa = PBXBuildFile; fileRef = 0656940725CDBD5200A65FD4 /* Montserrat-MediumItalic.ttf */; };
		0656941A25CDBD5300A65FD4 /* Montserrat-SemiBold.ttf in Resources */ = {isa = PBXBuildFile; fileRef = 0656940825CDBD5200A65FD4 /* Montserrat-SemiBold.ttf */; };
		0656941B25CDBD5300A65FD4 /* Montserrat-Italic.ttf in Resources */ = {isa = PBXBuildFile; fileRef = 0656940925CDBD5200A65FD4 /* Montserrat-Italic.ttf */; };
		0656941C25CDBD5300A65FD4 /* Montserrat-BlackItalic.ttf in Resources */ = {isa = PBXBuildFile; fileRef = 0656940A25CDBD5200A65FD4 /* Montserrat-BlackItalic.ttf */; };
		0656941D25CDBD5300A65FD4 /* Montserrat-SemiBoldItalic.ttf in Resources */ = {isa = PBXBuildFile; fileRef = 0656940B25CDBD5200A65FD4 /* Montserrat-SemiBoldItalic.ttf */; };
		0656941E25CDBD5300A65FD4 /* Montserrat-Thin.ttf in Resources */ = {isa = PBXBuildFile; fileRef = 0656940C25CDBD5300A65FD4 /* Montserrat-Thin.ttf */; };
		0656941F25CDBD5300A65FD4 /* Montserrat-LightItalic.ttf in Resources */ = {isa = PBXBuildFile; fileRef = 0656940D25CDBD5300A65FD4 /* Montserrat-LightItalic.ttf */; };
		0656942025CDBD5300A65FD4 /* Montserrat-ExtraLightItalic.ttf in Resources */ = {isa = PBXBuildFile; fileRef = 0656940E25CDBD5300A65FD4 /* Montserrat-ExtraLightItalic.ttf */; };
		0656942125CDBD5300A65FD4 /* Montserrat-Regular.ttf in Resources */ = {isa = PBXBuildFile; fileRef = 0656940F25CDBD5300A65FD4 /* Montserrat-Regular.ttf */; };
		0656942225CDBD5300A65FD4 /* Montserrat-Medium.ttf in Resources */ = {isa = PBXBuildFile; fileRef = 0656941025CDBD5300A65FD4 /* Montserrat-Medium.ttf */; };
		0656942725CDBFB200A65FD4 /* ItemsCollectionViewCell.swift in Sources */ = {isa = PBXBuildFile; fileRef = 0656942525CDBFB200A65FD4 /* ItemsCollectionViewCell.swift */; };
		0656942825CDBFB200A65FD4 /* ItemsCollectionViewCell.xib in Resources */ = {isa = PBXBuildFile; fileRef = 0656942625CDBFB200A65FD4 /* ItemsCollectionViewCell.xib */; };
		06658B7F263C86AD00E60A96 /* Profile.storyboard in Resources */ = {isa = PBXBuildFile; fileRef = 06658B7E263C86AD00E60A96 /* Profile.storyboard */; };
		0667DE8726062857006CAEEE /* CartVC.swift in Sources */ = {isa = PBXBuildFile; fileRef = 0667DE8626062857006CAEEE /* CartVC.swift */; };
		067D42042629CD7600398878 /* RecipientsTableViewCell.swift in Sources */ = {isa = PBXBuildFile; fileRef = 067D42022629CD7600398878 /* RecipientsTableViewCell.swift */; };
		067D42052629CD7600398878 /* RecipientsTableViewCell.xib in Resources */ = {isa = PBXBuildFile; fileRef = 067D42032629CD7600398878 /* RecipientsTableViewCell.xib */; };
		068EBE3D2614F86100C5F601 /* CardMessageVC.swift in Sources */ = {isa = PBXBuildFile; fileRef = 068EBE3C2614F86100C5F601 /* CardMessageVC.swift */; };
		068FFC8B25F3F43100DF32F5 /* OccasionsVC.swift in Sources */ = {isa = PBXBuildFile; fileRef = 068FFC8A25F3F43100DF32F5 /* OccasionsVC.swift */; };
		0695CC63263CB957000E5E11 /* OrdersTableViewCell.swift in Sources */ = {isa = PBXBuildFile; fileRef = 0695CC61263CB957000E5E11 /* OrdersTableViewCell.swift */; };
		0695CC64263CB957000E5E11 /* OrdersTableViewCell.xib in Resources */ = {isa = PBXBuildFile; fileRef = 0695CC62263CB957000E5E11 /* OrdersTableViewCell.xib */; };
		06A5B3C125D54BDA00CD1148 /* Home.storyboard in Resources */ = {isa = PBXBuildFile; fileRef = 06A5B3C025D54BDA00CD1148 /* Home.storyboard */; };
		06AC39EF25E304C00016DCE1 /* PinterestLayout.swift in Sources */ = {isa = PBXBuildFile; fileRef = 06AC39EE25E304C00016DCE1 /* PinterestLayout.swift */; };
		06AC39F225E305060016DCE1 /* SubCategoryItemsList.swift in Sources */ = {isa = PBXBuildFile; fileRef = 06AC39F125E305060016DCE1 /* SubCategoryItemsList.swift */; };
		06AC39FE25E307A10016DCE1 /* SubcategoryItemsCollectionViewCell.swift in Sources */ = {isa = PBXBuildFile; fileRef = 06AC39FC25E307A10016DCE1 /* SubcategoryItemsCollectionViewCell.swift */; };
		06AC39FF25E307A10016DCE1 /* SubcategoryItemsCollectionViewCell.xib in Resources */ = {isa = PBXBuildFile; fileRef = 06AC39FD25E307A10016DCE1 /* SubcategoryItemsCollectionViewCell.xib */; };
		06AC3A0625E312CA0016DCE1 /* SubCategorySliderCollectionViewCell.swift in Sources */ = {isa = PBXBuildFile; fileRef = 06AC3A0425E312CA0016DCE1 /* SubCategorySliderCollectionViewCell.swift */; };
		06AC3A0725E312CA0016DCE1 /* SubCategorySliderCollectionViewCell.xib in Resources */ = {isa = PBXBuildFile; fileRef = 06AC3A0525E312CA0016DCE1 /* SubCategorySliderCollectionViewCell.xib */; };
		06B618952606454000479246 /* CartTableViewCell.swift in Sources */ = {isa = PBXBuildFile; fileRef = 06B618932606454000479246 /* CartTableViewCell.swift */; };
		06B618962606454000479246 /* CartTableViewCell.xib in Resources */ = {isa = PBXBuildFile; fileRef = 06B618942606454000479246 /* CartTableViewCell.xib */; };
		06B8FCAA25E13A960069642B /* CategoryTbleViewCell.swift in Sources */ = {isa = PBXBuildFile; fileRef = 06B8FCA825E13A960069642B /* CategoryTbleViewCell.swift */; };
		06B8FCAB25E13A960069642B /* CategoryTbleViewCell.xib in Resources */ = {isa = PBXBuildFile; fileRef = 06B8FCA925E13A960069642B /* CategoryTbleViewCell.xib */; };
		06B8FCB125E13E050069642B /* SubCategoryCollectionView.swift in Sources */ = {isa = PBXBuildFile; fileRef = 06B8FCAF25E13E050069642B /* SubCategoryCollectionView.swift */; };
		06B8FCB225E13E050069642B /* SubCategoryCollectionView.xib in Resources */ = {isa = PBXBuildFile; fileRef = 06B8FCB025E13E050069642B /* SubCategoryCollectionView.xib */; };
		06B8FCB625E13FF90069642B /* CategoriesVC.swift in Sources */ = {isa = PBXBuildFile; fileRef = 06B8FCB525E13FF90069642B /* CategoriesVC.swift */; };
		06B8FCB925E140130069642B /* SubCategoriesVC.swift in Sources */ = {isa = PBXBuildFile; fileRef = 06B8FCB825E140130069642B /* SubCategoriesVC.swift */; };
		06C9585F2629E660007CAF38 /* AddressesTableCell.swift in Sources */ = {isa = PBXBuildFile; fileRef = 06C9585D2629E660007CAF38 /* AddressesTableCell.swift */; };
		06C958602629E660007CAF38 /* AddressesTableCell.xib in Resources */ = {isa = PBXBuildFile; fileRef = 06C9585E2629E660007CAF38 /* AddressesTableCell.xib */; };
		06CB2CEE263CE7AF009D3D9C /* UserAddressesTableViewCell.swift in Sources */ = {isa = PBXBuildFile; fileRef = 06CB2CEC263CE7AF009D3D9C /* UserAddressesTableViewCell.swift */; };
		06CB2CEF263CE7AF009D3D9C /* UserAddressesTableViewCell.xib in Resources */ = {isa = PBXBuildFile; fileRef = 06CB2CED263CE7AF009D3D9C /* UserAddressesTableViewCell.xib */; };
		06CBD82A260616A200320F3F /* Cart.storyboard in Resources */ = {isa = PBXBuildFile; fileRef = 06CBD829260616A200320F3F /* Cart.storyboard */; };
		06E902CD25EAA3C100050736 /* SubCategoryItemsTableViewCell.swift in Sources */ = {isa = PBXBuildFile; fileRef = 06E902CB25EAA3C100050736 /* SubCategoryItemsTableViewCell.swift */; };
		06E902CE25EAA3C100050736 /* SubCategoryItemsTableViewCell.xib in Resources */ = {isa = PBXBuildFile; fileRef = 06E902CC25EAA3C100050736 /* SubCategoryItemsTableViewCell.xib */; };
		06E902D225EAB0C500050736 /* StoresListVC.swift in Sources */ = {isa = PBXBuildFile; fileRef = 06E902D125EAB0C500050736 /* StoresListVC.swift */; };
		06E902D725EAB59900050736 /* StoresCollectionViewCell.swift in Sources */ = {isa = PBXBuildFile; fileRef = 06E902D525EAB59900050736 /* StoresCollectionViewCell.swift */; };
		06E902D825EAB59900050736 /* StoresCollectionViewCell.xib in Resources */ = {isa = PBXBuildFile; fileRef = 06E902D625EAB59900050736 /* StoresCollectionViewCell.xib */; };
		06E902DB25EAC9A100050736 /* StoreDetailsVC.swift in Sources */ = {isa = PBXBuildFile; fileRef = 06E902DA25EAC9A000050736 /* StoreDetailsVC.swift */; };
		06F0F6D32604FE310017E3E6 /* NunitoSans-Regular.ttf in Resources */ = {isa = PBXBuildFile; fileRef = 06F0F6D22604FE310017E3E6 /* NunitoSans-Regular.ttf */; };
		06F0F6D6260505960017E3E6 /* ItemDetailsVC.swift in Sources */ = {isa = PBXBuildFile; fileRef = 06F0F6D5260505960017E3E6 /* ItemDetailsVC.swift */; };
		06F0F6D9260505B40017E3E6 /* AddToCartVC.swift in Sources */ = {isa = PBXBuildFile; fileRef = 06F0F6D8260505B40017E3E6 /* AddToCartVC.swift */; };
		06F0F6DE260508AA0017E3E6 /* DatesCollectionViewCell.swift in Sources */ = {isa = PBXBuildFile; fileRef = 06F0F6DC260508AA0017E3E6 /* DatesCollectionViewCell.swift */; };
		06F0F6DF260508AA0017E3E6 /* DatesCollectionViewCell.xib in Resources */ = {isa = PBXBuildFile; fileRef = 06F0F6DD260508AA0017E3E6 /* DatesCollectionViewCell.xib */; };
		06F0F6E5260509D10017E3E6 /* PickDateCollectionViewCell.swift in Sources */ = {isa = PBXBuildFile; fileRef = 06F0F6E3260509D10017E3E6 /* PickDateCollectionViewCell.swift */; };
		06F0F6E6260509D10017E3E6 /* PickDateCollectionViewCell.xib in Resources */ = {isa = PBXBuildFile; fileRef = 06F0F6E4260509D10017E3E6 /* PickDateCollectionViewCell.xib */; };
		06F0F6EA2605225E0017E3E6 /* DatePickerVC.swift in Sources */ = {isa = PBXBuildFile; fileRef = 06F0F6E92605225E0017E3E6 /* DatePickerVC.swift */; };
		713F236652F35802E545DB41 /* Pods_Merca.framework in Frameworks */ = {isa = PBXBuildFile; fileRef = 447E478E50BA51C0DA75700F /* Pods_Merca.framework */; };
/* End PBXBuildFile section */

/* Begin PBXFileReference section */
		060F711925D56F7B00D95C2E /* ChooseCityVC.swift */ = {isa = PBXFileReference; lastKnownFileType = sourcecode.swift; path = ChooseCityVC.swift; sourceTree = "<group>"; };
		060F711C25D57D4A00D95C2E /* Helper.swift */ = {isa = PBXFileReference; lastKnownFileType = sourcecode.swift; path = Helper.swift; sourceTree = "<group>"; };
		06155D8525FD16C30076ED1A /* SJCenterFlowLayout.swift */ = {isa = PBXFileReference; fileEncoding = 4; lastKnownFileType = sourcecode.swift; path = SJCenterFlowLayout.swift; sourceTree = "<group>"; };
		062A61AF25CDB48300486074 /* view.swift */ = {isa = PBXFileReference; fileEncoding = 4; lastKnownFileType = sourcecode.swift; path = view.swift; sourceTree = "<group>"; };
		062A61B025CDB48300486074 /* UISearchBar.swift */ = {isa = PBXFileReference; fileEncoding = 4; lastKnownFileType = sourcecode.swift; path = UISearchBar.swift; sourceTree = "<group>"; };
		062A61B125CDB48300486074 /* Encodable.swift */ = {isa = PBXFileReference; fileEncoding = 4; lastKnownFileType = sourcecode.swift; path = Encodable.swift; sourceTree = "<group>"; };
		062A61B225CDB48300486074 /* UITextField.swift */ = {isa = PBXFileReference; fileEncoding = 4; lastKnownFileType = sourcecode.swift; path = UITextField.swift; sourceTree = "<group>"; };
		062A61B325CDB48300486074 /* String.swift */ = {isa = PBXFileReference; fileEncoding = 4; lastKnownFileType = sourcecode.swift; path = String.swift; sourceTree = "<group>"; };
		062A61B425CDB48300486074 /* UIButton.swift */ = {isa = PBXFileReference; fileEncoding = 4; lastKnownFileType = sourcecode.swift; path = UIButton.swift; sourceTree = "<group>"; };
		062A61B525CDB48300486074 /* UIImageView.swift */ = {isa = PBXFileReference; fileEncoding = 4; lastKnownFileType = sourcecode.swift; path = UIImageView.swift; sourceTree = "<group>"; };
		062A61B625CDB48300486074 /* UILabel.swift */ = {isa = PBXFileReference; fileEncoding = 4; lastKnownFileType = sourcecode.swift; path = UILabel.swift; sourceTree = "<group>"; };
		062A61B725CDB48300486074 /* TriangleView.swift */ = {isa = PBXFileReference; fileEncoding = 4; lastKnownFileType = sourcecode.swift; path = TriangleView.swift; sourceTree = "<group>"; };
		064B845925F57155007891EF /* BannersCollectionViewCell.xib */ = {isa = PBXFileReference; fileEncoding = 4; lastKnownFileType = file.xib; path = BannersCollectionViewCell.xib; sourceTree = "<group>"; };
		064B845A25F57155007891EF /* BannersCollectionViewCell.swift */ = {isa = PBXFileReference; fileEncoding = 4; lastKnownFileType = sourcecode.swift; path = BannersCollectionViewCell.swift; sourceTree = "<group>"; };
		0653C82725CD7E9600DE92B2 /* Merca.app */ = {isa = PBXFileReference; explicitFileType = wrapper.application; includeInIndex = 0; path = Merca.app; sourceTree = BUILT_PRODUCTS_DIR; };
		0653C82A25CD7E9600DE92B2 /* AppDelegate.swift */ = {isa = PBXFileReference; lastKnownFileType = sourcecode.swift; path = AppDelegate.swift; sourceTree = "<group>"; };
		0653C82C25CD7E9600DE92B2 /* SceneDelegate.swift */ = {isa = PBXFileReference; lastKnownFileType = sourcecode.swift; path = SceneDelegate.swift; sourceTree = "<group>"; };
		0653C83125CD7E9600DE92B2 /* Base */ = {isa = PBXFileReference; lastKnownFileType = file.storyboard; name = Base; path = Base.lproj/Main.storyboard; sourceTree = "<group>"; };
		0653C83325CD7E9800DE92B2 /* Assets.xcassets */ = {isa = PBXFileReference; lastKnownFileType = folder.assetcatalog; path = Assets.xcassets; sourceTree = "<group>"; };
		0653C83625CD7E9800DE92B2 /* Base */ = {isa = PBXFileReference; lastKnownFileType = file.storyboard; name = Base; path = Base.lproj/LaunchScreen.storyboard; sourceTree = "<group>"; };
		0653C83825CD7E9800DE92B2 /* Info.plist */ = {isa = PBXFileReference; lastKnownFileType = text.plist.xml; path = Info.plist; sourceTree = "<group>"; };
		0653C85025CD837400DE92B2 /* HomeVC.swift */ = {isa = PBXFileReference; lastKnownFileType = sourcecode.swift; path = HomeVC.swift; sourceTree = "<group>"; };
		0653C85425CD893700DE92B2 /* HomeTableViewCell.swift */ = {isa = PBXFileReference; lastKnownFileType = sourcecode.swift; path = HomeTableViewCell.swift; sourceTree = "<group>"; };
		0653C85525CD893700DE92B2 /* HomeTableViewCell.xib */ = {isa = PBXFileReference; lastKnownFileType = file.xib; path = HomeTableViewCell.xib; sourceTree = "<group>"; };
		0653C85925CD8DF800DE92B2 /* HomeItemModel.swift */ = {isa = PBXFileReference; lastKnownFileType = sourcecode.swift; path = HomeItemModel.swift; sourceTree = "<group>"; };
		0653C85D25CD9D7B00DE92B2 /* AdsCollectionViewCell.swift */ = {isa = PBXFileReference; lastKnownFileType = sourcecode.swift; path = AdsCollectionViewCell.swift; sourceTree = "<group>"; };
		0653C85E25CD9D7B00DE92B2 /* AdsCollectionViewCell.xib */ = {isa = PBXFileReference; lastKnownFileType = file.xib; path = AdsCollectionViewCell.xib; sourceTree = "<group>"; };
		065693F925CDB87400A65FD4 /* CategoriesCollectionViewCell.swift */ = {isa = PBXFileReference; lastKnownFileType = sourcecode.swift; path = CategoriesCollectionViewCell.swift; sourceTree = "<group>"; };
		065693FA25CDB87400A65FD4 /* CategoriesCollectionViewCell.xib */ = {isa = PBXFileReference; lastKnownFileType = file.xib; path = CategoriesCollectionViewCell.xib; sourceTree = "<group>"; };
		065693FF25CDBD5100A65FD4 /* Montserrat-ThinItalic.ttf */ = {isa = PBXFileReference; lastKnownFileType = file; path = "Montserrat-ThinItalic.ttf"; sourceTree = "<group>"; };
		0656940025CDBD5100A65FD4 /* Montserrat-ExtraBold.ttf */ = {isa = PBXFileReference; lastKnownFileType = file; path = "Montserrat-ExtraBold.ttf"; sourceTree = "<group>"; };
		0656940125CDBD5100A65FD4 /* Montserrat-Light.ttf */ = {isa = PBXFileReference; lastKnownFileType = file; path = "Montserrat-Light.ttf"; sourceTree = "<group>"; };
		0656940225CDBD5100A65FD4 /* Montserrat-Black.ttf */ = {isa = PBXFileReference; lastKnownFileType = file; path = "Montserrat-Black.ttf"; sourceTree = "<group>"; };
		0656940325CDBD5100A65FD4 /* Montserrat-ExtraLight.ttf */ = {isa = PBXFileReference; lastKnownFileType = file; path = "Montserrat-ExtraLight.ttf"; sourceTree = "<group>"; };
		0656940425CDBD5100A65FD4 /* Montserrat-ExtraBoldItalic.ttf */ = {isa = PBXFileReference; lastKnownFileType = file; path = "Montserrat-ExtraBoldItalic.ttf"; sourceTree = "<group>"; };
		0656940525CDBD5100A65FD4 /* Montserrat-Bold.ttf */ = {isa = PBXFileReference; lastKnownFileType = file; path = "Montserrat-Bold.ttf"; sourceTree = "<group>"; };
		0656940625CDBD5200A65FD4 /* Montserrat-BoldItalic.ttf */ = {isa = PBXFileReference; lastKnownFileType = file; path = "Montserrat-BoldItalic.ttf"; sourceTree = "<group>"; };
		0656940725CDBD5200A65FD4 /* Montserrat-MediumItalic.ttf */ = {isa = PBXFileReference; lastKnownFileType = file; path = "Montserrat-MediumItalic.ttf"; sourceTree = "<group>"; };
		0656940825CDBD5200A65FD4 /* Montserrat-SemiBold.ttf */ = {isa = PBXFileReference; lastKnownFileType = file; path = "Montserrat-SemiBold.ttf"; sourceTree = "<group>"; };
		0656940925CDBD5200A65FD4 /* Montserrat-Italic.ttf */ = {isa = PBXFileReference; lastKnownFileType = file; path = "Montserrat-Italic.ttf"; sourceTree = "<group>"; };
		0656940A25CDBD5200A65FD4 /* Montserrat-BlackItalic.ttf */ = {isa = PBXFileReference; lastKnownFileType = file; path = "Montserrat-BlackItalic.ttf"; sourceTree = "<group>"; };
		0656940B25CDBD5200A65FD4 /* Montserrat-SemiBoldItalic.ttf */ = {isa = PBXFileReference; lastKnownFileType = file; path = "Montserrat-SemiBoldItalic.ttf"; sourceTree = "<group>"; };
		0656940C25CDBD5300A65FD4 /* Montserrat-Thin.ttf */ = {isa = PBXFileReference; lastKnownFileType = file; path = "Montserrat-Thin.ttf"; sourceTree = "<group>"; };
		0656940D25CDBD5300A65FD4 /* Montserrat-LightItalic.ttf */ = {isa = PBXFileReference; lastKnownFileType = file; path = "Montserrat-LightItalic.ttf"; sourceTree = "<group>"; };
		0656940E25CDBD5300A65FD4 /* Montserrat-ExtraLightItalic.ttf */ = {isa = PBXFileReference; lastKnownFileType = file; path = "Montserrat-ExtraLightItalic.ttf"; sourceTree = "<group>"; };
		0656940F25CDBD5300A65FD4 /* Montserrat-Regular.ttf */ = {isa = PBXFileReference; lastKnownFileType = file; path = "Montserrat-Regular.ttf"; sourceTree = "<group>"; };
		0656941025CDBD5300A65FD4 /* Montserrat-Medium.ttf */ = {isa = PBXFileReference; lastKnownFileType = file; path = "Montserrat-Medium.ttf"; sourceTree = "<group>"; };
		0656942525CDBFB200A65FD4 /* ItemsCollectionViewCell.swift */ = {isa = PBXFileReference; lastKnownFileType = sourcecode.swift; path = ItemsCollectionViewCell.swift; sourceTree = "<group>"; };
		0656942625CDBFB200A65FD4 /* ItemsCollectionViewCell.xib */ = {isa = PBXFileReference; lastKnownFileType = file.xib; path = ItemsCollectionViewCell.xib; sourceTree = "<group>"; };
		06658B7E263C86AD00E60A96 /* Profile.storyboard */ = {isa = PBXFileReference; lastKnownFileType = file.storyboard; path = Profile.storyboard; sourceTree = "<group>"; };
		0667DE8626062857006CAEEE /* CartVC.swift */ = {isa = PBXFileReference; lastKnownFileType = sourcecode.swift; path = CartVC.swift; sourceTree = "<group>"; };
		067D42022629CD7600398878 /* RecipientsTableViewCell.swift */ = {isa = PBXFileReference; lastKnownFileType = sourcecode.swift; path = RecipientsTableViewCell.swift; sourceTree = "<group>"; };
		067D42032629CD7600398878 /* RecipientsTableViewCell.xib */ = {isa = PBXFileReference; lastKnownFileType = file.xib; path = RecipientsTableViewCell.xib; sourceTree = "<group>"; };
		068EBE3C2614F86100C5F601 /* CardMessageVC.swift */ = {isa = PBXFileReference; lastKnownFileType = sourcecode.swift; path = CardMessageVC.swift; sourceTree = "<group>"; };
		068FFC8A25F3F43100DF32F5 /* OccasionsVC.swift */ = {isa = PBXFileReference; lastKnownFileType = sourcecode.swift; path = OccasionsVC.swift; sourceTree = "<group>"; };
		0695CC61263CB957000E5E11 /* OrdersTableViewCell.swift */ = {isa = PBXFileReference; lastKnownFileType = sourcecode.swift; path = OrdersTableViewCell.swift; sourceTree = "<group>"; };
		0695CC62263CB957000E5E11 /* OrdersTableViewCell.xib */ = {isa = PBXFileReference; lastKnownFileType = file.xib; path = OrdersTableViewCell.xib; sourceTree = "<group>"; };
		06A5B3C025D54BDA00CD1148 /* Home.storyboard */ = {isa = PBXFileReference; lastKnownFileType = file.storyboard; path = Home.storyboard; sourceTree = "<group>"; };
		06AC39EE25E304C00016DCE1 /* PinterestLayout.swift */ = {isa = PBXFileReference; fileEncoding = 4; lastKnownFileType = sourcecode.swift; path = PinterestLayout.swift; sourceTree = "<group>"; };
		06AC39F125E305060016DCE1 /* SubCategoryItemsList.swift */ = {isa = PBXFileReference; lastKnownFileType = sourcecode.swift; path = SubCategoryItemsList.swift; sourceTree = "<group>"; };
		06AC39FC25E307A10016DCE1 /* SubcategoryItemsCollectionViewCell.swift */ = {isa = PBXFileReference; lastKnownFileType = sourcecode.swift; path = SubcategoryItemsCollectionViewCell.swift; sourceTree = "<group>"; };
		06AC39FD25E307A10016DCE1 /* SubcategoryItemsCollectionViewCell.xib */ = {isa = PBXFileReference; lastKnownFileType = file.xib; path = SubcategoryItemsCollectionViewCell.xib; sourceTree = "<group>"; };
		06AC3A0425E312CA0016DCE1 /* SubCategorySliderCollectionViewCell.swift */ = {isa = PBXFileReference; lastKnownFileType = sourcecode.swift; path = SubCategorySliderCollectionViewCell.swift; sourceTree = "<group>"; };
		06AC3A0525E312CA0016DCE1 /* SubCategorySliderCollectionViewCell.xib */ = {isa = PBXFileReference; lastKnownFileType = file.xib; path = SubCategorySliderCollectionViewCell.xib; sourceTree = "<group>"; };
		06B618932606454000479246 /* CartTableViewCell.swift */ = {isa = PBXFileReference; lastKnownFileType = sourcecode.swift; path = CartTableViewCell.swift; sourceTree = "<group>"; };
		06B618942606454000479246 /* CartTableViewCell.xib */ = {isa = PBXFileReference; lastKnownFileType = file.xib; path = CartTableViewCell.xib; sourceTree = "<group>"; };
		06B8FCA825E13A960069642B /* CategoryTbleViewCell.swift */ = {isa = PBXFileReference; lastKnownFileType = sourcecode.swift; path = CategoryTbleViewCell.swift; sourceTree = "<group>"; };
		06B8FCA925E13A960069642B /* CategoryTbleViewCell.xib */ = {isa = PBXFileReference; lastKnownFileType = file.xib; path = CategoryTbleViewCell.xib; sourceTree = "<group>"; };
		06B8FCAF25E13E050069642B /* SubCategoryCollectionView.swift */ = {isa = PBXFileReference; lastKnownFileType = sourcecode.swift; path = SubCategoryCollectionView.swift; sourceTree = "<group>"; };
		06B8FCB025E13E050069642B /* SubCategoryCollectionView.xib */ = {isa = PBXFileReference; lastKnownFileType = file.xib; path = SubCategoryCollectionView.xib; sourceTree = "<group>"; };
		06B8FCB525E13FF90069642B /* CategoriesVC.swift */ = {isa = PBXFileReference; lastKnownFileType = sourcecode.swift; path = CategoriesVC.swift; sourceTree = "<group>"; };
		06B8FCB825E140130069642B /* SubCategoriesVC.swift */ = {isa = PBXFileReference; lastKnownFileType = sourcecode.swift; path = SubCategoriesVC.swift; sourceTree = "<group>"; };
		06C9585D2629E660007CAF38 /* AddressesTableCell.swift */ = {isa = PBXFileReference; lastKnownFileType = sourcecode.swift; path = AddressesTableCell.swift; sourceTree = "<group>"; };
		06C9585E2629E660007CAF38 /* AddressesTableCell.xib */ = {isa = PBXFileReference; lastKnownFileType = file.xib; path = AddressesTableCell.xib; sourceTree = "<group>"; };
		06CB2CEC263CE7AF009D3D9C /* UserAddressesTableViewCell.swift */ = {isa = PBXFileReference; lastKnownFileType = sourcecode.swift; path = UserAddressesTableViewCell.swift; sourceTree = "<group>"; };
		06CB2CED263CE7AF009D3D9C /* UserAddressesTableViewCell.xib */ = {isa = PBXFileReference; lastKnownFileType = file.xib; path = UserAddressesTableViewCell.xib; sourceTree = "<group>"; };
		06CBD829260616A200320F3F /* Cart.storyboard */ = {isa = PBXFileReference; lastKnownFileType = file.storyboard; path = Cart.storyboard; sourceTree = "<group>"; };
		06E902CB25EAA3C100050736 /* SubCategoryItemsTableViewCell.swift */ = {isa = PBXFileReference; lastKnownFileType = sourcecode.swift; path = SubCategoryItemsTableViewCell.swift; sourceTree = "<group>"; };
		06E902CC25EAA3C100050736 /* SubCategoryItemsTableViewCell.xib */ = {isa = PBXFileReference; lastKnownFileType = file.xib; path = SubCategoryItemsTableViewCell.xib; sourceTree = "<group>"; };
		06E902D125EAB0C500050736 /* StoresListVC.swift */ = {isa = PBXFileReference; lastKnownFileType = sourcecode.swift; path = StoresListVC.swift; sourceTree = "<group>"; };
		06E902D525EAB59900050736 /* StoresCollectionViewCell.swift */ = {isa = PBXFileReference; lastKnownFileType = sourcecode.swift; path = StoresCollectionViewCell.swift; sourceTree = "<group>"; };
		06E902D625EAB59900050736 /* StoresCollectionViewCell.xib */ = {isa = PBXFileReference; lastKnownFileType = file.xib; path = StoresCollectionViewCell.xib; sourceTree = "<group>"; };
		06E902DA25EAC9A000050736 /* StoreDetailsVC.swift */ = {isa = PBXFileReference; lastKnownFileType = sourcecode.swift; path = StoreDetailsVC.swift; sourceTree = "<group>"; };
		06F0F6D22604FE310017E3E6 /* NunitoSans-Regular.ttf */ = {isa = PBXFileReference; lastKnownFileType = file; path = "NunitoSans-Regular.ttf"; sourceTree = "<group>"; };
		06F0F6D5260505960017E3E6 /* ItemDetailsVC.swift */ = {isa = PBXFileReference; lastKnownFileType = sourcecode.swift; path = ItemDetailsVC.swift; sourceTree = "<group>"; };
		06F0F6D8260505B40017E3E6 /* AddToCartVC.swift */ = {isa = PBXFileReference; lastKnownFileType = sourcecode.swift; path = AddToCartVC.swift; sourceTree = "<group>"; };
		06F0F6DC260508AA0017E3E6 /* DatesCollectionViewCell.swift */ = {isa = PBXFileReference; lastKnownFileType = sourcecode.swift; path = DatesCollectionViewCell.swift; sourceTree = "<group>"; };
		06F0F6DD260508AA0017E3E6 /* DatesCollectionViewCell.xib */ = {isa = PBXFileReference; lastKnownFileType = file.xib; path = DatesCollectionViewCell.xib; sourceTree = "<group>"; };
		06F0F6E3260509D10017E3E6 /* PickDateCollectionViewCell.swift */ = {isa = PBXFileReference; lastKnownFileType = sourcecode.swift; path = PickDateCollectionViewCell.swift; sourceTree = "<group>"; };
		06F0F6E4260509D10017E3E6 /* PickDateCollectionViewCell.xib */ = {isa = PBXFileReference; lastKnownFileType = file.xib; path = PickDateCollectionViewCell.xib; sourceTree = "<group>"; };
		06F0F6E92605225E0017E3E6 /* DatePickerVC.swift */ = {isa = PBXFileReference; lastKnownFileType = sourcecode.swift; path = DatePickerVC.swift; sourceTree = "<group>"; };
		447E478E50BA51C0DA75700F /* Pods_Merca.framework */ = {isa = PBXFileReference; explicitFileType = wrapper.framework; includeInIndex = 0; path = Pods_Merca.framework; sourceTree = BUILT_PRODUCTS_DIR; };
		C78F6121F78BD5A56CE828C4 /* Pods-Merca.release.xcconfig */ = {isa = PBXFileReference; includeInIndex = 1; lastKnownFileType = text.xcconfig; name = "Pods-Merca.release.xcconfig"; path = "Target Support Files/Pods-Merca/Pods-Merca.release.xcconfig"; sourceTree = "<group>"; };
		DC9482D7F5DD0E758D831A83 /* Pods-Merca.debug.xcconfig */ = {isa = PBXFileReference; includeInIndex = 1; lastKnownFileType = text.xcconfig; name = "Pods-Merca.debug.xcconfig"; path = "Target Support Files/Pods-Merca/Pods-Merca.debug.xcconfig"; sourceTree = "<group>"; };
/* End PBXFileReference section */

/* Begin PBXFrameworksBuildPhase section */
		0653C82425CD7E9600DE92B2 /* Frameworks */ = {
			isa = PBXFrameworksBuildPhase;
			buildActionMask = 2147483647;
			files = (
				713F236652F35802E545DB41 /* Pods_Merca.framework in Frameworks */,
			);
			runOnlyForDeploymentPostprocessing = 0;
		};
/* End PBXFrameworksBuildPhase section */

/* Begin PBXGroup section */
		060F711825D56F6300D95C2E /* Main */ = {
			isa = PBXGroup;
			children = (
				060F711925D56F7B00D95C2E /* ChooseCityVC.swift */,
			);
			path = Main;
			sourceTree = "<group>";
		};
		062A61AE25CDB48300486074 /* extensions */ = {
			isa = PBXGroup;
			children = (
				062A61AF25CDB48300486074 /* view.swift */,
				062A61B025CDB48300486074 /* UISearchBar.swift */,
				062A61B125CDB48300486074 /* Encodable.swift */,
				062A61B225CDB48300486074 /* UITextField.swift */,
				062A61B325CDB48300486074 /* String.swift */,
				062A61B425CDB48300486074 /* UIButton.swift */,
				062A61B525CDB48300486074 /* UIImageView.swift */,
				062A61B625CDB48300486074 /* UILabel.swift */,
				062A61B725CDB48300486074 /* TriangleView.swift */,
			);
			path = extensions;
			sourceTree = "<group>";
		};
		064B845825F57155007891EF /* BannersCollectionViewCell */ = {
			isa = PBXGroup;
			children = (
				064B845925F57155007891EF /* BannersCollectionViewCell.xib */,
				064B845A25F57155007891EF /* BannersCollectionViewCell.swift */,
			);
			path = BannersCollectionViewCell;
			sourceTree = "<group>";
		};
		0653C81E25CD7E9600DE92B2 = {
			isa = PBXGroup;
			children = (
				0653C82925CD7E9600DE92B2 /* Merca */,
				0653C82825CD7E9600DE92B2 /* Products */,
				3D8933292CF377026A39A087 /* Pods */,
				663C60CA2267C6BBD5552D76 /* Frameworks */,
			);
			sourceTree = "<group>";
		};
		0653C82825CD7E9600DE92B2 /* Products */ = {
			isa = PBXGroup;
			children = (
				0653C82725CD7E9600DE92B2 /* Merca.app */,
			);
			name = Products;
			sourceTree = "<group>";
		};
		0653C82925CD7E9600DE92B2 /* Merca */ = {
			isa = PBXGroup;
			children = (
				0653C84425CD7F1500DE92B2 /* Model */,
				0653C84325CD7F1000DE92B2 /* View */,
				0653C84225CD7F0200DE92B2 /* Presenters */,
				0653C84125CD7EF700DE92B2 /* Service Layer */,
				0653C84025CD7EEC00DE92B2 /* Supporting Files */,
				0653C83825CD7E9800DE92B2 /* Info.plist */,
			);
			path = Merca;
			sourceTree = "<group>";
		};
		0653C84025CD7EEC00DE92B2 /* Supporting Files */ = {
			isa = PBXGroup;
			children = (
				065693FE25CDBD4000A65FD4 /* Fonts */,
				062A61AE25CDB48300486074 /* extensions */,
				060F711C25D57D4A00D95C2E /* Helper.swift */,
				06155D8525FD16C30076ED1A /* SJCenterFlowLayout.swift */,
				0653C82A25CD7E9600DE92B2 /* AppDelegate.swift */,
				0653C82C25CD7E9600DE92B2 /* SceneDelegate.swift */,
				0653C83325CD7E9800DE92B2 /* Assets.xcassets */,
			);
			path = "Supporting Files";
			sourceTree = "<group>";
		};
		0653C84125CD7EF700DE92B2 /* Service Layer */ = {
			isa = PBXGroup;
			children = (
			);
			path = "Service Layer";
			sourceTree = "<group>";
		};
		0653C84225CD7F0200DE92B2 /* Presenters */ = {
			isa = PBXGroup;
			children = (
			);
			path = Presenters;
			sourceTree = "<group>";
		};
		0653C84325CD7F1000DE92B2 /* View */ = {
			isa = PBXGroup;
			children = (
				0695CC5E263CB91D000E5E11 /* Profile */,
				060F711825D56F6300D95C2E /* Main */,
				0653C84825CD832300DE92B2 /* Home */,
				0667DE8526062840006CAEEE /* Cart */,
				0653C84625CD7F3100DE92B2 /* StoryBoards */,
			);
			path = View;
			sourceTree = "<group>";
		};
		0653C84425CD7F1500DE92B2 /* Model */ = {
			isa = PBXGroup;
			children = (
				0653C85925CD8DF800DE92B2 /* HomeItemModel.swift */,
			);
			path = Model;
			sourceTree = "<group>";
		};
		0653C84625CD7F3100DE92B2 /* StoryBoards */ = {
			isa = PBXGroup;
			children = (
				0653C83525CD7E9800DE92B2 /* LaunchScreen.storyboard */,
				0653C83025CD7E9600DE92B2 /* Main.storyboard */,
				06A5B3C025D54BDA00CD1148 /* Home.storyboard */,
				06CBD829260616A200320F3F /* Cart.storyboard */,
				06658B7E263C86AD00E60A96 /* Profile.storyboard */,
			);
			path = StoryBoards;
			sourceTree = "<group>";
		};
		0653C84825CD832300DE92B2 /* Home */ = {
			isa = PBXGroup;
			children = (
				0653C84925CD832900DE92B2 /* CustomCells */,
				06AC39ED25E304C00016DCE1 /* CustomLayout */,
				0653C85025CD837400DE92B2 /* HomeVC.swift */,
				06B8FCB525E13FF90069642B /* CategoriesVC.swift */,
				06B8FCB825E140130069642B /* SubCategoriesVC.swift */,
				06AC39F125E305060016DCE1 /* SubCategoryItemsList.swift */,
				06E902D125EAB0C500050736 /* StoresListVC.swift */,
				06E902DA25EAC9A000050736 /* StoreDetailsVC.swift */,
				068FFC8A25F3F43100DF32F5 /* OccasionsVC.swift */,
				06F0F6D5260505960017E3E6 /* ItemDetailsVC.swift */,
				06F0F6D8260505B40017E3E6 /* AddToCartVC.swift */,
				06F0F6E92605225E0017E3E6 /* DatePickerVC.swift */,
			);
			path = Home;
			sourceTree = "<group>";
		};
		0653C84925CD832900DE92B2 /* CustomCells */ = {
			isa = PBXGroup;
			children = (
				06F0F6E2260509B60017E3E6 /* PickDateCollectionViewCel */,
				06F0F6DB260508880017E3E6 /* DatesCollectionViewCell */,
				064B845825F57155007891EF /* BannersCollectionViewCell */,
				06E902D425EAB51700050736 /* StoresCollectionViewCell */,
				06E902CA25EAA39500050736 /* SubCategoryItemsTableViewCell */,
				06AC3A0225E30FEC0016DCE1 /* SubCategorySliderCollectionViewCell */,
				06AC39F425E307650016DCE1 /* SubcategoryItemsCollectionViewCell */,
				06B8FCAE25E13DD70069642B /* SubCategoryCollectionView */,
				06B8FCA725E13A6F0069642B /* CategoryTbleViewCell */,
				0653C85C25CD9AC000DE92B2 /* HomeTableViewCell */,
				0656942425CDBF9500A65FD4 /* ItemsCollectionViewCell */,
				0653C86225CDA13C00DE92B2 /* AdsCollectionViewCell */,
				065693F825CDB6F900A65FD4 /* CategoriesCollectionViewCell */,
			);
			path = CustomCells;
			sourceTree = "<group>";
		};
		0653C85C25CD9AC000DE92B2 /* HomeTableViewCell */ = {
			isa = PBXGroup;
			children = (
				0653C85425CD893700DE92B2 /* HomeTableViewCell.swift */,
				0653C85525CD893700DE92B2 /* HomeTableViewCell.xib */,
			);
			path = HomeTableViewCell;
			sourceTree = "<group>";
		};
		0653C86225CDA13C00DE92B2 /* AdsCollectionViewCell */ = {
			isa = PBXGroup;
			children = (
				0653C85D25CD9D7B00DE92B2 /* AdsCollectionViewCell.swift */,
				0653C85E25CD9D7B00DE92B2 /* AdsCollectionViewCell.xib */,
			);
			path = AdsCollectionViewCell;
			sourceTree = "<group>";
		};
		065693F825CDB6F900A65FD4 /* CategoriesCollectionViewCell */ = {
			isa = PBXGroup;
			children = (
				065693F925CDB87400A65FD4 /* CategoriesCollectionViewCell.swift */,
				065693FA25CDB87400A65FD4 /* CategoriesCollectionViewCell.xib */,
			);
			path = CategoriesCollectionViewCell;
			sourceTree = "<group>";
		};
		065693FE25CDBD4000A65FD4 /* Fonts */ = {
			isa = PBXGroup;
			children = (
				0656940225CDBD5100A65FD4 /* Montserrat-Black.ttf */,
				0656940A25CDBD5200A65FD4 /* Montserrat-BlackItalic.ttf */,
				0656940525CDBD5100A65FD4 /* Montserrat-Bold.ttf */,
				0656940625CDBD5200A65FD4 /* Montserrat-BoldItalic.ttf */,
				0656940025CDBD5100A65FD4 /* Montserrat-ExtraBold.ttf */,
				0656940425CDBD5100A65FD4 /* Montserrat-ExtraBoldItalic.ttf */,
				0656940325CDBD5100A65FD4 /* Montserrat-ExtraLight.ttf */,
				0656940E25CDBD5300A65FD4 /* Montserrat-ExtraLightItalic.ttf */,
				0656940925CDBD5200A65FD4 /* Montserrat-Italic.ttf */,
				0656940125CDBD5100A65FD4 /* Montserrat-Light.ttf */,
				06F0F6D22604FE310017E3E6 /* NunitoSans-Regular.ttf */,
				0656940D25CDBD5300A65FD4 /* Montserrat-LightItalic.ttf */,
				0656941025CDBD5300A65FD4 /* Montserrat-Medium.ttf */,
				0656940725CDBD5200A65FD4 /* Montserrat-MediumItalic.ttf */,
				0656940F25CDBD5300A65FD4 /* Montserrat-Regular.ttf */,
				0656940825CDBD5200A65FD4 /* Montserrat-SemiBold.ttf */,
				0656940B25CDBD5200A65FD4 /* Montserrat-SemiBoldItalic.ttf */,
				0656940C25CDBD5300A65FD4 /* Montserrat-Thin.ttf */,
				065693FF25CDBD5100A65FD4 /* Montserrat-ThinItalic.ttf */,
			);
			path = Fonts;
			sourceTree = "<group>";
		};
		0656942425CDBF9500A65FD4 /* ItemsCollectionViewCell */ = {
			isa = PBXGroup;
			children = (
				0656942525CDBFB200A65FD4 /* ItemsCollectionViewCell.swift */,
				0656942625CDBFB200A65FD4 /* ItemsCollectionViewCell.xib */,
			);
			path = ItemsCollectionViewCell;
			sourceTree = "<group>";
		};
		0667DE8526062840006CAEEE /* Cart */ = {
			isa = PBXGroup;
			children = (
				06B618922606451C00479246 /* CustomCells */,
				0667DE8626062857006CAEEE /* CartVC.swift */,
				068EBE3C2614F86100C5F601 /* CardMessageVC.swift */,
			);
			path = Cart;
			sourceTree = "<group>";
		};
		067D41FF2629CD3700398878 /* CartTableViewCell */ = {
			isa = PBXGroup;
			children = (
				06B618932606454000479246 /* CartTableViewCell.swift */,
				06B618942606454000479246 /* CartTableViewCell.xib */,
			);
			path = CartTableViewCell;
			sourceTree = "<group>";
		};
		067D42012629CD4D00398878 /* RecipientsTableViewCell */ = {
			isa = PBXGroup;
			children = (
				067D42022629CD7600398878 /* RecipientsTableViewCell.swift */,
				067D42032629CD7600398878 /* RecipientsTableViewCell.xib */,
			);
			path = RecipientsTableViewCell;
			sourceTree = "<group>";
		};
		068004CE263CE6F80008475E /* UserAddressesTableViewCell */ = {
			isa = PBXGroup;
			children = (
				06CB2CEC263CE7AF009D3D9C /* UserAddressesTableViewCell.swift */,
				06CB2CED263CE7AF009D3D9C /* UserAddressesTableViewCell.xib */,
			);
			path = UserAddressesTableViewCell;
			sourceTree = "<group>";
		};
		0695CC5E263CB91D000E5E11 /* Profile */ = {
			isa = PBXGroup;
			children = (
				0695CC5F263CB924000E5E11 /* CustomCells */,
			);
			path = Profile;
			sourceTree = "<group>";
		};
		0695CC5F263CB924000E5E11 /* CustomCells */ = {
			isa = PBXGroup;
			children = (
				068004CE263CE6F80008475E /* UserAddressesTableViewCell */,
				0695CC60263CB92D000E5E11 /* OrdersTableViewCell */,
			);
			path = CustomCells;
			sourceTree = "<group>";
		};
		0695CC60263CB92D000E5E11 /* OrdersTableViewCell */ = {
			isa = PBXGroup;
			children = (
				0695CC61263CB957000E5E11 /* OrdersTableViewCell.swift */,
				0695CC62263CB957000E5E11 /* OrdersTableViewCell.xib */,
			);
			path = OrdersTableViewCell;
			sourceTree = "<group>";
		};
		06AC39ED25E304C00016DCE1 /* CustomLayout */ = {
			isa = PBXGroup;
			children = (
				06AC39EE25E304C00016DCE1 /* PinterestLayout.swift */,
			);
			path = CustomLayout;
			sourceTree = "<group>";
		};
		06AC39F425E307650016DCE1 /* SubcategoryItemsCollectionViewCell */ = {
			isa = PBXGroup;
			children = (
				06AC39FC25E307A10016DCE1 /* SubcategoryItemsCollectionViewCell.swift */,
				06AC39FD25E307A10016DCE1 /* SubcategoryItemsCollectionViewCell.xib */,
			);
			path = SubcategoryItemsCollectionViewCell;
			sourceTree = "<group>";
		};
		06AC3A0225E30FEC0016DCE1 /* SubCategorySliderCollectionViewCell */ = {
			isa = PBXGroup;
			children = (
				06AC3A0425E312CA0016DCE1 /* SubCategorySliderCollectionViewCell.swift */,
				06AC3A0525E312CA0016DCE1 /* SubCategorySliderCollectionViewCell.xib */,
			);
			path = SubCategorySliderCollectionViewCell;
			sourceTree = "<group>";
		};
		06B618922606451C00479246 /* CustomCells */ = {
			isa = PBXGroup;
			children = (
				06C9585C2629E639007CAF38 /* AddressesTableCell */,
				067D42012629CD4D00398878 /* RecipientsTableViewCell */,
				067D41FF2629CD3700398878 /* CartTableViewCell */,
			);
			path = CustomCells;
			sourceTree = "<group>";
		};
		06B8FCA725E13A6F0069642B /* CategoryTbleViewCell */ = {
			isa = PBXGroup;
			children = (
				06B8FCA825E13A960069642B /* CategoryTbleViewCell.swift */,
				06B8FCA925E13A960069642B /* CategoryTbleViewCell.xib */,
			);
			path = CategoryTbleViewCell;
			sourceTree = "<group>";
		};
		06B8FCAE25E13DD70069642B /* SubCategoryCollectionView */ = {
			isa = PBXGroup;
			children = (
				06B8FCAF25E13E050069642B /* SubCategoryCollectionView.swift */,
				06B8FCB025E13E050069642B /* SubCategoryCollectionView.xib */,
			);
			path = SubCategoryCollectionView;
			sourceTree = "<group>";
		};
		06C9585C2629E639007CAF38 /* AddressesTableCell */ = {
			isa = PBXGroup;
			children = (
				06C9585D2629E660007CAF38 /* AddressesTableCell.swift */,
				06C9585E2629E660007CAF38 /* AddressesTableCell.xib */,
			);
			path = AddressesTableCell;
			sourceTree = "<group>";
		};
		06E902CA25EAA39500050736 /* SubCategoryItemsTableViewCell */ = {
			isa = PBXGroup;
			children = (
				06E902CB25EAA3C100050736 /* SubCategoryItemsTableViewCell.swift */,
				06E902CC25EAA3C100050736 /* SubCategoryItemsTableViewCell.xib */,
			);
			path = SubCategoryItemsTableViewCell;
			sourceTree = "<group>";
		};
		06E902D425EAB51700050736 /* StoresCollectionViewCell */ = {
			isa = PBXGroup;
			children = (
				06E902D525EAB59900050736 /* StoresCollectionViewCell.swift */,
				06E902D625EAB59900050736 /* StoresCollectionViewCell.xib */,
			);
			path = StoresCollectionViewCell;
			sourceTree = "<group>";
		};
		06F0F6DB260508880017E3E6 /* DatesCollectionViewCell */ = {
			isa = PBXGroup;
			children = (
				06F0F6DC260508AA0017E3E6 /* DatesCollectionViewCell.swift */,
				06F0F6DD260508AA0017E3E6 /* DatesCollectionViewCell.xib */,
			);
			path = DatesCollectionViewCell;
			sourceTree = "<group>";
		};
		06F0F6E2260509B60017E3E6 /* PickDateCollectionViewCel */ = {
			isa = PBXGroup;
			children = (
				06F0F6E3260509D10017E3E6 /* PickDateCollectionViewCell.swift */,
				06F0F6E4260509D10017E3E6 /* PickDateCollectionViewCell.xib */,
			);
			path = PickDateCollectionViewCel;
			sourceTree = "<group>";
		};
		3D8933292CF377026A39A087 /* Pods */ = {
			isa = PBXGroup;
			children = (
				DC9482D7F5DD0E758D831A83 /* Pods-Merca.debug.xcconfig */,
				C78F6121F78BD5A56CE828C4 /* Pods-Merca.release.xcconfig */,
			);
			path = Pods;
			sourceTree = "<group>";
		};
		663C60CA2267C6BBD5552D76 /* Frameworks */ = {
			isa = PBXGroup;
			children = (
				447E478E50BA51C0DA75700F /* Pods_Merca.framework */,
			);
			name = Frameworks;
			sourceTree = "<group>";
		};
/* End PBXGroup section */

/* Begin PBXNativeTarget section */
		0653C82625CD7E9600DE92B2 /* Merca */ = {
			isa = PBXNativeTarget;
			buildConfigurationList = 0653C83B25CD7E9800DE92B2 /* Build configuration list for PBXNativeTarget "Merca" */;
			buildPhases = (
				A73B3D4097957E035C26BE1B /* [CP] Check Pods Manifest.lock */,
				0653C82325CD7E9600DE92B2 /* Sources */,
				0653C82425CD7E9600DE92B2 /* Frameworks */,
				0653C82525CD7E9600DE92B2 /* Resources */,
				6506E5D5AC8186AB67D47598 /* [CP] Embed Pods Frameworks */,
			);
			buildRules = (
			);
			dependencies = (
			);
			name = Merca;
			productName = Merca;
			productReference = 0653C82725CD7E9600DE92B2 /* Merca.app */;
			productType = "com.apple.product-type.application";
		};
/* End PBXNativeTarget section */

/* Begin PBXProject section */
		0653C81F25CD7E9600DE92B2 /* Project object */ = {
			isa = PBXProject;
			attributes = {
				LastSwiftUpdateCheck = 1230;
				LastUpgradeCheck = 1230;
				TargetAttributes = {
					0653C82625CD7E9600DE92B2 = {
						CreatedOnToolsVersion = 12.3;
					};
				};
			};
			buildConfigurationList = 0653C82225CD7E9600DE92B2 /* Build configuration list for PBXProject "Merca" */;
			compatibilityVersion = "Xcode 9.3";
			developmentRegion = en;
			hasScannedForEncodings = 0;
			knownRegions = (
				en,
				Base,
			);
			mainGroup = 0653C81E25CD7E9600DE92B2;
			productRefGroup = 0653C82825CD7E9600DE92B2 /* Products */;
			projectDirPath = "";
			projectRoot = "";
			targets = (
				0653C82625CD7E9600DE92B2 /* Merca */,
			);
		};
/* End PBXProject section */

/* Begin PBXResourcesBuildPhase section */
		0653C82525CD7E9600DE92B2 /* Resources */ = {
			isa = PBXResourcesBuildPhase;
			buildActionMask = 2147483647;
			files = (
				06F0F6DF260508AA0017E3E6 /* DatesCollectionViewCell.xib in Resources */,
				0656941D25CDBD5300A65FD4 /* Montserrat-SemiBoldItalic.ttf in Resources */,
				0653C83725CD7E9800DE92B2 /* LaunchScreen.storyboard in Resources */,
				0656942125CDBD5300A65FD4 /* Montserrat-Regular.ttf in Resources */,
				0656941425CDBD5300A65FD4 /* Montserrat-Black.ttf in Resources */,
				0656941125CDBD5300A65FD4 /* Montserrat-ThinItalic.ttf in Resources */,
				0653C86025CD9D7B00DE92B2 /* AdsCollectionViewCell.xib in Resources */,
				0656941725CDBD5300A65FD4 /* Montserrat-Bold.ttf in Resources */,
				0656941B25CDBD5300A65FD4 /* Montserrat-Italic.ttf in Resources */,
				0656941325CDBD5300A65FD4 /* Montserrat-Light.ttf in Resources */,
				0656941F25CDBD5300A65FD4 /* Montserrat-LightItalic.ttf in Resources */,
				065693FC25CDB87400A65FD4 /* CategoriesCollectionViewCell.xib in Resources */,
				0656941525CDBD5300A65FD4 /* Montserrat-ExtraLight.ttf in Resources */,
				0656941E25CDBD5300A65FD4 /* Montserrat-Thin.ttf in Resources */,
				06B8FCB225E13E050069642B /* SubCategoryCollectionView.xib in Resources */,
				06F0F6E6260509D10017E3E6 /* PickDateCollectionViewCell.xib in Resources */,
				0656941C25CDBD5300A65FD4 /* Montserrat-BlackItalic.ttf in Resources */,
				06B618962606454000479246 /* CartTableViewCell.xib in Resources */,
				0656942025CDBD5300A65FD4 /* Montserrat-ExtraLightItalic.ttf in Resources */,
				06CB2CEF263CE7AF009D3D9C /* UserAddressesTableViewCell.xib in Resources */,
				06A5B3C125D54BDA00CD1148 /* Home.storyboard in Resources */,
				0656941825CDBD5300A65FD4 /* Montserrat-BoldItalic.ttf in Resources */,
				064B845B25F57155007891EF /* BannersCollectionViewCell.xib in Resources */,
				06F0F6D32604FE310017E3E6 /* NunitoSans-Regular.ttf in Resources */,
				0653C83425CD7E9800DE92B2 /* Assets.xcassets in Resources */,
				0656941925CDBD5300A65FD4 /* Montserrat-MediumItalic.ttf in Resources */,
				067D42052629CD7600398878 /* RecipientsTableViewCell.xib in Resources */,
				06E902D825EAB59900050736 /* StoresCollectionViewCell.xib in Resources */,
				06658B7F263C86AD00E60A96 /* Profile.storyboard in Resources */,
				0656941225CDBD5300A65FD4 /* Montserrat-ExtraBold.ttf in Resources */,
				06B8FCAB25E13A960069642B /* CategoryTbleViewCell.xib in Resources */,
				06C958602629E660007CAF38 /* AddressesTableCell.xib in Resources */,
				0656941625CDBD5300A65FD4 /* Montserrat-ExtraBoldItalic.ttf in Resources */,
				0695CC64263CB957000E5E11 /* OrdersTableViewCell.xib in Resources */,
				0653C85725CD893700DE92B2 /* HomeTableViewCell.xib in Resources */,
				0656941A25CDBD5300A65FD4 /* Montserrat-SemiBold.ttf in Resources */,
				06AC39FF25E307A10016DCE1 /* SubcategoryItemsCollectionViewCell.xib in Resources */,
				06CBD82A260616A200320F3F /* Cart.storyboard in Resources */,
				0656942225CDBD5300A65FD4 /* Montserrat-Medium.ttf in Resources */,
				0653C83225CD7E9600DE92B2 /* Main.storyboard in Resources */,
				06E902CE25EAA3C100050736 /* SubCategoryItemsTableViewCell.xib in Resources */,
				06AC3A0725E312CA0016DCE1 /* SubCategorySliderCollectionViewCell.xib in Resources */,
				0656942825CDBFB200A65FD4 /* ItemsCollectionViewCell.xib in Resources */,
			);
			runOnlyForDeploymentPostprocessing = 0;
		};
/* End PBXResourcesBuildPhase section */

/* Begin PBXShellScriptBuildPhase section */
		6506E5D5AC8186AB67D47598 /* [CP] Embed Pods Frameworks */ = {
			isa = PBXShellScriptBuildPhase;
			buildActionMask = 2147483647;
			files = (
			);
			inputFileListPaths = (
				"${PODS_ROOT}/Target Support Files/Pods-Merca/Pods-Merca-frameworks-${CONFIGURATION}-input-files.xcfilelist",
			);
			name = "[CP] Embed Pods Frameworks";
			outputFileListPaths = (
				"${PODS_ROOT}/Target Support Files/Pods-Merca/Pods-Merca-frameworks-${CONFIGURATION}-output-files.xcfilelist",
			);
			runOnlyForDeploymentPostprocessing = 0;
			shellPath = /bin/sh;
			shellScript = "\"${PODS_ROOT}/Target Support Files/Pods-Merca/Pods-Merca-frameworks.sh\"\n";
			showEnvVarsInLog = 0;
		};
		A73B3D4097957E035C26BE1B /* [CP] Check Pods Manifest.lock */ = {
			isa = PBXShellScriptBuildPhase;
			buildActionMask = 2147483647;
			files = (
			);
			inputFileListPaths = (
			);
			inputPaths = (
				"${PODS_PODFILE_DIR_PATH}/Podfile.lock",
				"${PODS_ROOT}/Manifest.lock",
			);
			name = "[CP] Check Pods Manifest.lock";
			outputFileListPaths = (
			);
			outputPaths = (
				"$(DERIVED_FILE_DIR)/Pods-Merca-checkManifestLockResult.txt",
			);
			runOnlyForDeploymentPostprocessing = 0;
			shellPath = /bin/sh;
			shellScript = "diff \"${PODS_PODFILE_DIR_PATH}/Podfile.lock\" \"${PODS_ROOT}/Manifest.lock\" > /dev/null\nif [ $? != 0 ] ; then\n    # print error to STDERR\n    echo \"error: The sandbox is not in sync with the Podfile.lock. Run 'pod install' or update your CocoaPods installation.\" >&2\n    exit 1\nfi\n# This output is used by Xcode 'outputs' to avoid re-running this script phase.\necho \"SUCCESS\" > \"${SCRIPT_OUTPUT_FILE_0}\"\n";
			showEnvVarsInLog = 0;
		};
/* End PBXShellScriptBuildPhase section */

/* Begin PBXSourcesBuildPhase section */
		0653C82325CD7E9600DE92B2 /* Sources */ = {
			isa = PBXSourcesBuildPhase;
			buildActionMask = 2147483647;
			files = (
				0653C85125CD837400DE92B2 /* HomeVC.swift in Sources */,
				06AC3A0625E312CA0016DCE1 /* SubCategorySliderCollectionViewCell.swift in Sources */,
				06E902D725EAB59900050736 /* StoresCollectionViewCell.swift in Sources */,
				06F0F6D9260505B40017E3E6 /* AddToCartVC.swift in Sources */,
				062A61BC25CDB48300486074 /* String.swift in Sources */,
				064B845C25F57155007891EF /* BannersCollectionViewCell.swift in Sources */,
				065693FB25CDB87400A65FD4 /* CategoriesCollectionViewCell.swift in Sources */,
				062A61BF25CDB48300486074 /* UILabel.swift in Sources */,
				062A61BB25CDB48300486074 /* UITextField.swift in Sources */,
				068FFC8B25F3F43100DF32F5 /* OccasionsVC.swift in Sources */,
				062A61BE25CDB48300486074 /* UIImageView.swift in Sources */,
				06B8FCB625E13FF90069642B /* CategoriesVC.swift in Sources */,
				06B8FCB125E13E050069642B /* SubCategoryCollectionView.swift in Sources */,
				06C9585F2629E660007CAF38 /* AddressesTableCell.swift in Sources */,
				060F711A25D56F7B00D95C2E /* ChooseCityVC.swift in Sources */,
				06F0F6E5260509D10017E3E6 /* PickDateCollectionViewCell.swift in Sources */,
				062A61BA25CDB48300486074 /* Encodable.swift in Sources */,
				060F711D25D57D4A00D95C2E /* Helper.swift in Sources */,
				06E902DB25EAC9A100050736 /* StoreDetailsVC.swift in Sources */,
				0667DE8726062857006CAEEE /* CartVC.swift in Sources */,
				06F0F6DE260508AA0017E3E6 /* DatesCollectionViewCell.swift in Sources */,
				06B8FCAA25E13A960069642B /* CategoryTbleViewCell.swift in Sources */,
				06155D8625FD16C30076ED1A /* SJCenterFlowLayout.swift in Sources */,
				06AC39EF25E304C00016DCE1 /* PinterestLayout.swift in Sources */,
				06B618952606454000479246 /* CartTableViewCell.swift in Sources */,
				062A61B825CDB48300486074 /* view.swift in Sources */,
				0656942725CDBFB200A65FD4 /* ItemsCollectionViewCell.swift in Sources */,
				06E902D225EAB0C500050736 /* StoresListVC.swift in Sources */,
				0695CC63263CB957000E5E11 /* OrdersTableViewCell.swift in Sources */,
				0653C85F25CD9D7B00DE92B2 /* AdsCollectionViewCell.swift in Sources */,
				0653C82B25CD7E9600DE92B2 /* AppDelegate.swift in Sources */,
				0653C85625CD893700DE92B2 /* HomeTableViewCell.swift in Sources */,
				06F0F6EA2605225E0017E3E6 /* DatePickerVC.swift in Sources */,
				067D42042629CD7600398878 /* RecipientsTableViewCell.swift in Sources */,
				06AC39F225E305060016DCE1 /* SubCategoryItemsList.swift in Sources */,
				062A61C025CDB48300486074 /* TriangleView.swift in Sources */,
				062A61B925CDB48300486074 /* UISearchBar.swift in Sources */,
				068EBE3D2614F86100C5F601 /* CardMessageVC.swift in Sources */,
				06CB2CEE263CE7AF009D3D9C /* UserAddressesTableViewCell.swift in Sources */,
				0653C82D25CD7E9600DE92B2 /* SceneDelegate.swift in Sources */,
				06F0F6D6260505960017E3E6 /* ItemDetailsVC.swift in Sources */,
				06E902CD25EAA3C100050736 /* SubCategoryItemsTableViewCell.swift in Sources */,
				06AC39FE25E307A10016DCE1 /* SubcategoryItemsCollectionViewCell.swift in Sources */,
				0653C85A25CD8DF800DE92B2 /* HomeItemModel.swift in Sources */,
				06B8FCB925E140130069642B /* SubCategoriesVC.swift in Sources */,
				062A61BD25CDB48300486074 /* UIButton.swift in Sources */,
			);
			runOnlyForDeploymentPostprocessing = 0;
		};
/* End PBXSourcesBuildPhase section */

/* Begin PBXVariantGroup section */
		0653C83025CD7E9600DE92B2 /* Main.storyboard */ = {
			isa = PBXVariantGroup;
			children = (
				0653C83125CD7E9600DE92B2 /* Base */,
			);
			name = Main.storyboard;
			sourceTree = "<group>";
		};
		0653C83525CD7E9800DE92B2 /* LaunchScreen.storyboard */ = {
			isa = PBXVariantGroup;
			children = (
				0653C83625CD7E9800DE92B2 /* Base */,
			);
			name = LaunchScreen.storyboard;
			sourceTree = "<group>";
		};
/* End PBXVariantGroup section */

/* Begin XCBuildConfiguration section */
		0653C83925CD7E9800DE92B2 /* Debug */ = {
			isa = XCBuildConfiguration;
			buildSettings = {
				ALWAYS_SEARCH_USER_PATHS = NO;
				CLANG_ANALYZER_NONNULL = YES;
				CLANG_ANALYZER_NUMBER_OBJECT_CONVERSION = YES_AGGRESSIVE;
				CLANG_CXX_LANGUAGE_STANDARD = "gnu++14";
				CLANG_CXX_LIBRARY = "libc++";
				CLANG_ENABLE_MODULES = YES;
				CLANG_ENABLE_OBJC_ARC = YES;
				CLANG_ENABLE_OBJC_WEAK = YES;
				CLANG_WARN_BLOCK_CAPTURE_AUTORELEASING = YES;
				CLANG_WARN_BOOL_CONVERSION = YES;
				CLANG_WARN_COMMA = YES;
				CLANG_WARN_CONSTANT_CONVERSION = YES;
				CLANG_WARN_DEPRECATED_OBJC_IMPLEMENTATIONS = YES;
				CLANG_WARN_DIRECT_OBJC_ISA_USAGE = YES_ERROR;
				CLANG_WARN_DOCUMENTATION_COMMENTS = YES;
				CLANG_WARN_EMPTY_BODY = YES;
				CLANG_WARN_ENUM_CONVERSION = YES;
				CLANG_WARN_INFINITE_RECURSION = YES;
				CLANG_WARN_INT_CONVERSION = YES;
				CLANG_WARN_NON_LITERAL_NULL_CONVERSION = YES;
				CLANG_WARN_OBJC_IMPLICIT_RETAIN_SELF = YES;
				CLANG_WARN_OBJC_LITERAL_CONVERSION = YES;
				CLANG_WARN_OBJC_ROOT_CLASS = YES_ERROR;
				CLANG_WARN_QUOTED_INCLUDE_IN_FRAMEWORK_HEADER = YES;
				CLANG_WARN_RANGE_LOOP_ANALYSIS = YES;
				CLANG_WARN_STRICT_PROTOTYPES = YES;
				CLANG_WARN_SUSPICIOUS_MOVE = YES;
				CLANG_WARN_UNGUARDED_AVAILABILITY = YES_AGGRESSIVE;
				CLANG_WARN_UNREACHABLE_CODE = YES;
				CLANG_WARN__DUPLICATE_METHOD_MATCH = YES;
				COPY_PHASE_STRIP = NO;
				DEBUG_INFORMATION_FORMAT = dwarf;
				ENABLE_STRICT_OBJC_MSGSEND = YES;
				ENABLE_TESTABILITY = YES;
				GCC_C_LANGUAGE_STANDARD = gnu11;
				GCC_DYNAMIC_NO_PIC = NO;
				GCC_NO_COMMON_BLOCKS = YES;
				GCC_OPTIMIZATION_LEVEL = 0;
				GCC_PREPROCESSOR_DEFINITIONS = (
					"DEBUG=1",
					"$(inherited)",
				);
				GCC_WARN_64_TO_32_BIT_CONVERSION = YES;
				GCC_WARN_ABOUT_RETURN_TYPE = YES_ERROR;
				GCC_WARN_UNDECLARED_SELECTOR = YES;
				GCC_WARN_UNINITIALIZED_AUTOS = YES_AGGRESSIVE;
				GCC_WARN_UNUSED_FUNCTION = YES;
				GCC_WARN_UNUSED_VARIABLE = YES;
				IPHONEOS_DEPLOYMENT_TARGET = 14.3;
				MTL_ENABLE_DEBUG_INFO = INCLUDE_SOURCE;
				MTL_FAST_MATH = YES;
				ONLY_ACTIVE_ARCH = YES;
				SDKROOT = iphoneos;
				SWIFT_ACTIVE_COMPILATION_CONDITIONS = DEBUG;
				SWIFT_OPTIMIZATION_LEVEL = "-Onone";
			};
			name = Debug;
		};
		0653C83A25CD7E9800DE92B2 /* Release */ = {
			isa = XCBuildConfiguration;
			buildSettings = {
				ALWAYS_SEARCH_USER_PATHS = NO;
				CLANG_ANALYZER_NONNULL = YES;
				CLANG_ANALYZER_NUMBER_OBJECT_CONVERSION = YES_AGGRESSIVE;
				CLANG_CXX_LANGUAGE_STANDARD = "gnu++14";
				CLANG_CXX_LIBRARY = "libc++";
				CLANG_ENABLE_MODULES = YES;
				CLANG_ENABLE_OBJC_ARC = YES;
				CLANG_ENABLE_OBJC_WEAK = YES;
				CLANG_WARN_BLOCK_CAPTURE_AUTORELEASING = YES;
				CLANG_WARN_BOOL_CONVERSION = YES;
				CLANG_WARN_COMMA = YES;
				CLANG_WARN_CONSTANT_CONVERSION = YES;
				CLANG_WARN_DEPRECATED_OBJC_IMPLEMENTATIONS = YES;
				CLANG_WARN_DIRECT_OBJC_ISA_USAGE = YES_ERROR;
				CLANG_WARN_DOCUMENTATION_COMMENTS = YES;
				CLANG_WARN_EMPTY_BODY = YES;
				CLANG_WARN_ENUM_CONVERSION = YES;
				CLANG_WARN_INFINITE_RECURSION = YES;
				CLANG_WARN_INT_CONVERSION = YES;
				CLANG_WARN_NON_LITERAL_NULL_CONVERSION = YES;
				CLANG_WARN_OBJC_IMPLICIT_RETAIN_SELF = YES;
				CLANG_WARN_OBJC_LITERAL_CONVERSION = YES;
				CLANG_WARN_OBJC_ROOT_CLASS = YES_ERROR;
				CLANG_WARN_QUOTED_INCLUDE_IN_FRAMEWORK_HEADER = YES;
				CLANG_WARN_RANGE_LOOP_ANALYSIS = YES;
				CLANG_WARN_STRICT_PROTOTYPES = YES;
				CLANG_WARN_SUSPICIOUS_MOVE = YES;
				CLANG_WARN_UNGUARDED_AVAILABILITY = YES_AGGRESSIVE;
				CLANG_WARN_UNREACHABLE_CODE = YES;
				CLANG_WARN__DUPLICATE_METHOD_MATCH = YES;
				COPY_PHASE_STRIP = NO;
				DEBUG_INFORMATION_FORMAT = "dwarf-with-dsym";
				ENABLE_NS_ASSERTIONS = NO;
				ENABLE_STRICT_OBJC_MSGSEND = YES;
				GCC_C_LANGUAGE_STANDARD = gnu11;
				GCC_NO_COMMON_BLOCKS = YES;
				GCC_WARN_64_TO_32_BIT_CONVERSION = YES;
				GCC_WARN_ABOUT_RETURN_TYPE = YES_ERROR;
				GCC_WARN_UNDECLARED_SELECTOR = YES;
				GCC_WARN_UNINITIALIZED_AUTOS = YES_AGGRESSIVE;
				GCC_WARN_UNUSED_FUNCTION = YES;
				GCC_WARN_UNUSED_VARIABLE = YES;
				IPHONEOS_DEPLOYMENT_TARGET = 14.3;
				MTL_ENABLE_DEBUG_INFO = NO;
				MTL_FAST_MATH = YES;
				SDKROOT = iphoneos;
				SWIFT_COMPILATION_MODE = wholemodule;
				SWIFT_OPTIMIZATION_LEVEL = "-O";
				VALIDATE_PRODUCT = YES;
			};
			name = Release;
		};
		0653C83C25CD7E9800DE92B2 /* Debug */ = {
			isa = XCBuildConfiguration;
			baseConfigurationReference = DC9482D7F5DD0E758D831A83 /* Pods-Merca.debug.xcconfig */;
			buildSettings = {
				ASSETCATALOG_COMPILER_APPICON_NAME = AppIcon;
				ASSETCATALOG_COMPILER_GLOBAL_ACCENT_COLOR_NAME = AccentColor;
				CODE_SIGN_STYLE = Automatic;
				INFOPLIST_FILE = Merca/Info.plist;
				IPHONEOS_DEPLOYMENT_TARGET = 13.0;
				LD_RUNPATH_SEARCH_PATHS = (
					"$(inherited)",
					"@executable_path/Frameworks",
				);
				PRODUCT_BUNDLE_IDENTIFIER = com.khaled.Merca;
				PRODUCT_NAME = "$(TARGET_NAME)";
				SWIFT_VERSION = 5.0;
				TARGETED_DEVICE_FAMILY = "1,2";
			};
			name = Debug;
		};
		0653C83D25CD7E9800DE92B2 /* Release */ = {
			isa = XCBuildConfiguration;
			baseConfigurationReference = C78F6121F78BD5A56CE828C4 /* Pods-Merca.release.xcconfig */;
			buildSettings = {
				ASSETCATALOG_COMPILER_APPICON_NAME = AppIcon;
				ASSETCATALOG_COMPILER_GLOBAL_ACCENT_COLOR_NAME = AccentColor;
				CODE_SIGN_STYLE = Automatic;
				INFOPLIST_FILE = Merca/Info.plist;
				IPHONEOS_DEPLOYMENT_TARGET = 13.0;
				LD_RUNPATH_SEARCH_PATHS = (
					"$(inherited)",
					"@executable_path/Frameworks",
				);
				PRODUCT_BUNDLE_IDENTIFIER = com.khaled.Merca;
				PRODUCT_NAME = "$(TARGET_NAME)";
				SWIFT_VERSION = 5.0;
				TARGETED_DEVICE_FAMILY = "1,2";
			};
			name = Release;
		};
/* End XCBuildConfiguration section */

/* Begin XCConfigurationList section */
		0653C82225CD7E9600DE92B2 /* Build configuration list for PBXProject "Merca" */ = {
			isa = XCConfigurationList;
			buildConfigurations = (
				0653C83925CD7E9800DE92B2 /* Debug */,
				0653C83A25CD7E9800DE92B2 /* Release */,
			);
			defaultConfigurationIsVisible = 0;
			defaultConfigurationName = Release;
		};
		0653C83B25CD7E9800DE92B2 /* Build configuration list for PBXNativeTarget "Merca" */ = {
			isa = XCConfigurationList;
			buildConfigurations = (
				0653C83C25CD7E9800DE92B2 /* Debug */,
				0653C83D25CD7E9800DE92B2 /* Release */,
			);
			defaultConfigurationIsVisible = 0;
			defaultConfigurationName = Release;
		};
/* End XCConfigurationList section */
	};
	rootObject = 0653C81F25CD7E9600DE92B2 /* Project object */;
}
